{
  "version": 4,
  "terraform_version": "1.7.5",
  "serial": 22,
  "lineage": "74476df3-9635-0ff8-105d-3ceb0177bde3",
  "outputs": {
    "asg": {
      "value": {
        "arn": "arn:aws:ec2:us-east-1:339712925683:launch-template/lt-09d3b6a2d2309bce1",
        "block_device_mappings": [],
        "capacity_reservation_specification": [],
        "cpu_options": [],
        "credit_specification": [],
        "default_version": 1,
        "description": "",
        "disable_api_stop": false,
        "disable_api_termination": false,
        "ebs_optimized": "",
        "elastic_gpu_specifications": [],
        "elastic_inference_accelerator": [],
        "enclave_options": [],
        "hibernation_options": [],
        "iam_instance_profile": [],
        "id": "lt-09d3b6a2d2309bce1",
        "image_id": "ami-051f8a213df8bc089",
        "instance_initiated_shutdown_behavior": "",
        "instance_market_options": [],
        "instance_requirements": [],
        "instance_type": "",
        "kernel_id": "",
        "key_name": "",
        "latest_version": 1,
        "license_specification": [],
        "maintenance_options": [],
        "metadata_options": [],
        "monitoring": [],
        "name": "terraform-20240429081036778400000002",
        "name_prefix": "terraform-",
        "network_interfaces": [],
        "placement": [],
        "private_dns_name_options": [],
        "ram_disk_id": "",
        "security_group_names": null,
        "tag_specifications": [],
        "tags": null,
        "tags_all": {},
        "update_default_version": null,
        "user_data": "IyEvYmluL2Jhc2gNCmVjaG8gIkhlbGxvLCBXb3JsZCEiID4gaW5kZXguaHRtbA0Kbm9odXAgcHl0aG9uIC1tIFNpbXBsZUhUVFBTZXJ2ZXIgODAgJg0K",
        "vpc_security_group_ids": [
          "sg-024361da78f1c67d4"
        ]
      },
      "type": [
        "object",
        {
          "arn": "string",
          "block_device_mappings": [
            "list",
            [
              "object",
              {
                "device_name": "string",
                "ebs": [
                  "list",
                  [
                    "object",
                    {
                      "delete_on_termination": "string",
                      "encrypted": "string",
                      "iops": "number",
                      "kms_key_id": "string",
                      "snapshot_id": "string",
                      "throughput": "number",
                      "volume_size": "number",
                      "volume_type": "string"
                    }
                  ]
                ],
                "no_device": "string",
                "virtual_name": "string"
              }
            ]
          ],
          "capacity_reservation_specification": [
            "list",
            [
              "object",
              {
                "capacity_reservation_preference": "string",
                "capacity_reservation_target": [
                  "list",
                  [
                    "object",
                    {
                      "capacity_reservation_id": "string",
                      "capacity_reservation_resource_group_arn": "string"
                    }
                  ]
                ]
              }
            ]
          ],
          "cpu_options": [
            "list",
            [
              "object",
              {
                "amd_sev_snp": "string",
                "core_count": "number",
                "threads_per_core": "number"
              }
            ]
          ],
          "credit_specification": [
            "list",
            [
              "object",
              {
                "cpu_credits": "string"
              }
            ]
          ],
          "default_version": "number",
          "description": "string",
          "disable_api_stop": "bool",
          "disable_api_termination": "bool",
          "ebs_optimized": "string",
          "elastic_gpu_specifications": [
            "list",
            [
              "object",
              {
                "type": "string"
              }
            ]
          ],
          "elastic_inference_accelerator": [
            "list",
            [
              "object",
              {
                "type": "string"
              }
            ]
          ],
          "enclave_options": [
            "list",
            [
              "object",
              {
                "enabled": "bool"
              }
            ]
          ],
          "hibernation_options": [
            "list",
            [
              "object",
              {
                "configured": "bool"
              }
            ]
          ],
          "iam_instance_profile": [
            "list",
            [
              "object",
              {
                "arn": "string",
                "name": "string"
              }
            ]
          ],
          "id": "string",
          "image_id": "string",
          "instance_initiated_shutdown_behavior": "string",
          "instance_market_options": [
            "list",
            [
              "object",
              {
                "market_type": "string",
                "spot_options": [
                  "list",
                  [
                    "object",
                    {
                      "block_duration_minutes": "number",
                      "instance_interruption_behavior": "string",
                      "max_price": "string",
                      "spot_instance_type": "string",
                      "valid_until": "string"
                    }
                  ]
                ]
              }
            ]
          ],
          "instance_requirements": [
            "list",
            [
              "object",
              {
                "accelerator_count": [
                  "list",
                  [
                    "object",
                    {
                      "max": "number",
                      "min": "number"
                    }
                  ]
                ],
                "accelerator_manufacturers": [
                  "set",
                  "string"
                ],
                "accelerator_names": [
                  "set",
                  "string"
                ],
                "accelerator_total_memory_mib": [
                  "list",
                  [
                    "object",
                    {
                      "max": "number",
                      "min": "number"
                    }
                  ]
                ],
                "accelerator_types": [
                  "set",
                  "string"
                ],
                "allowed_instance_types": [
                  "set",
                  "string"
                ],
                "bare_metal": "string",
                "baseline_ebs_bandwidth_mbps": [
                  "list",
                  [
                    "object",
                    {
                      "max": "number",
                      "min": "number"
                    }
                  ]
                ],
                "burstable_performance": "string",
                "cpu_manufacturers": [
                  "set",
                  "string"
                ],
                "excluded_instance_types": [
                  "set",
                  "string"
                ],
                "instance_generations": [
                  "set",
                  "string"
                ],
                "local_storage": "string",
                "local_storage_types": [
                  "set",
                  "string"
                ],
                "memory_gib_per_vcpu": [
                  "list",
                  [
                    "object",
                    {
                      "max": "number",
                      "min": "number"
                    }
                  ]
                ],
                "memory_mib": [
                  "list",
                  [
                    "object",
                    {
                      "max": "number",
                      "min": "number"
                    }
                  ]
                ],
                "network_bandwidth_gbps": [
                  "list",
                  [
                    "object",
                    {
                      "max": "number",
                      "min": "number"
                    }
                  ]
                ],
                "network_interface_count": [
                  "list",
                  [
                    "object",
                    {
                      "max": "number",
                      "min": "number"
                    }
                  ]
                ],
                "on_demand_max_price_percentage_over_lowest_price": "number",
                "require_hibernate_support": "bool",
                "spot_max_price_percentage_over_lowest_price": "number",
                "total_local_storage_gb": [
                  "list",
                  [
                    "object",
                    {
                      "max": "number",
                      "min": "number"
                    }
                  ]
                ],
                "vcpu_count": [
                  "list",
                  [
                    "object",
                    {
                      "max": "number",
                      "min": "number"
                    }
                  ]
                ]
              }
            ]
          ],
          "instance_type": "string",
          "kernel_id": "string",
          "key_name": "string",
          "latest_version": "number",
          "license_specification": [
            "set",
            [
              "object",
              {
                "license_configuration_arn": "string"
              }
            ]
          ],
          "maintenance_options": [
            "list",
            [
              "object",
              {
                "auto_recovery": "string"
              }
            ]
          ],
          "metadata_options": [
            "list",
            [
              "object",
              {
                "http_endpoint": "string",
                "http_protocol_ipv6": "string",
                "http_put_response_hop_limit": "number",
                "http_tokens": "string",
                "instance_metadata_tags": "string"
              }
            ]
          ],
          "monitoring": [
            "list",
            [
              "object",
              {
                "enabled": "bool"
              }
            ]
          ],
          "name": "string",
          "name_prefix": "string",
          "network_interfaces": [
            "list",
            [
              "object",
              {
                "associate_carrier_ip_address": "string",
                "associate_public_ip_address": "string",
                "delete_on_termination": "string",
                "description": "string",
                "device_index": "number",
                "interface_type": "string",
                "ipv4_address_count": "number",
                "ipv4_addresses": [
                  "set",
                  "string"
                ],
                "ipv4_prefix_count": "number",
                "ipv4_prefixes": [
                  "set",
                  "string"
                ],
                "ipv6_address_count": "number",
                "ipv6_addresses": [
                  "set",
                  "string"
                ],
                "ipv6_prefix_count": "number",
                "ipv6_prefixes": [
                  "set",
                  "string"
                ],
                "network_card_index": "number",
                "network_interface_id": "string",
                "private_ip_address": "string",
                "security_groups": [
                  "set",
                  "string"
                ],
                "subnet_id": "string"
              }
            ]
          ],
          "placement": [
            "list",
            [
              "object",
              {
                "affinity": "string",
                "availability_zone": "string",
                "group_name": "string",
                "host_id": "string",
                "host_resource_group_arn": "string",
                "partition_number": "number",
                "spread_domain": "string",
                "tenancy": "string"
              }
            ]
          ],
          "private_dns_name_options": [
            "list",
            [
              "object",
              {
                "enable_resource_name_dns_a_record": "bool",
                "enable_resource_name_dns_aaaa_record": "bool",
                "hostname_type": "string"
              }
            ]
          ],
          "ram_disk_id": "string",
          "security_group_names": [
            "set",
            "string"
          ],
          "tag_specifications": [
            "list",
            [
              "object",
              {
                "resource_type": "string",
                "tags": [
                  "map",
                  "string"
                ]
              }
            ]
          ],
          "tags": [
            "map",
            "string"
          ],
          "tags_all": [
            "map",
            "string"
          ],
          "update_default_version": "bool",
          "user_data": "string",
          "vpc_security_group_ids": [
            "set",
            "string"
          ]
        }
      ]
    },
    "sg": {
      "value": {
        "security_group_arn": "arn:aws:ec2:us-east-1:339712925683:security-group/sg-024361da78f1c67d4",
        "security_group_description": "Security group for user-service with custom ports",
        "security_group_id": "sg-024361da78f1c67d4",
        "security_group_name": "user-service-20240429081033081900000001",
        "security_group_owner_id": "339712925683",
        "security_group_vpc_id": "vpc-054c8d49f8cf2b65f"
      },
      "type": [
        "object",
        {
          "security_group_arn": "string",
          "security_group_description": "string",
          "security_group_id": "string",
          "security_group_name": "string",
          "security_group_owner_id": "string",
          "security_group_vpc_id": "string"
        }
      ]
    }
  },
  "resources": [
    {
      "mode": "data",
      "type": "aws_ami",
      "name": "ami",
      "provider": "provider[\"registry.terraform.io/hashicorp/aws\"]",
      "instances": [
        {
          "schema_version": 0,
          "attributes": {
            "architecture": "x86_64",
            "arn": "arn:aws:ec2:us-east-1::image/ami-051f8a213df8bc089",
            "block_device_mappings": [
              {
                "device_name": "/dev/xvda",
                "ebs": {
                  "delete_on_termination": "true",
                  "encrypted": "false",
                  "iops": "3000",
                  "snapshot_id": "snap-029f30ded440599ba",
                  "throughput": "125",
                  "volume_size": "8",
                  "volume_type": "gp3"
                },
                "no_device": "",
                "virtual_name": ""
              }
            ],
            "boot_mode": "uefi-preferred",
            "creation_date": "2024-04-01T20:18:55.000Z",
            "deprecation_time": "2024-06-30T20:19:00.000Z",
            "description": "Amazon Linux 2023 AMI 2023.4.20240401.1 x86_64 HVM kernel-6.1",
            "ena_support": true,
            "executable_users": null,
            "filter": [
              {
                "name": "name",
                "values": [
                  "al2023-ami-2023.4.20240401.1-kernel-6.1-x86_64"
                ]
              }
            ],
            "hypervisor": "xen",
            "id": "ami-051f8a213df8bc089",
            "image_id": "ami-051f8a213df8bc089",
            "image_location": "amazon/al2023-ami-2023.4.20240401.1-kernel-6.1-x86_64",
            "image_owner_alias": "amazon",
            "image_type": "machine",
            "imds_support": "v2.0",
            "include_deprecated": false,
            "kernel_id": "",
            "most_recent": true,
            "name": "al2023-ami-2023.4.20240401.1-kernel-6.1-x86_64",
            "name_regex": null,
            "owner_id": "137112412989",
            "owners": [
              "137112412989"
            ],
            "platform": "",
            "platform_details": "Linux/UNIX",
            "product_codes": [],
            "public": true,
            "ramdisk_id": "",
            "root_device_name": "/dev/xvda",
            "root_device_type": "ebs",
            "root_snapshot_id": "snap-029f30ded440599ba",
            "sriov_net_support": "simple",
            "state": "available",
            "state_reason": {
              "code": "UNSET",
              "message": "UNSET"
            },
            "tags": {},
            "timeouts": null,
            "tpm_support": "",
            "usage_operation": "RunInstances",
            "virtualization_type": "hvm"
          },
          "sensitive_attributes": []
        }
      ]
    },
    {
      "mode": "managed",
      "type": "aws_launch_template",
      "name": "asg",
      "provider": "provider[\"registry.terraform.io/hashicorp/aws\"]",
      "instances": [
        {
          "schema_version": 0,
          "attributes": {
            "arn": "arn:aws:ec2:us-east-1:339712925683:launch-template/lt-09d3b6a2d2309bce1",
            "block_device_mappings": [],
            "capacity_reservation_specification": [],
            "cpu_options": [],
            "credit_specification": [],
            "default_version": 1,
            "description": "",
            "disable_api_stop": false,
            "disable_api_termination": false,
            "ebs_optimized": "",
            "elastic_gpu_specifications": [],
            "elastic_inference_accelerator": [],
            "enclave_options": [],
            "hibernation_options": [],
            "iam_instance_profile": [],
            "id": "lt-09d3b6a2d2309bce1",
            "image_id": "ami-051f8a213df8bc089",
            "instance_initiated_shutdown_behavior": "",
            "instance_market_options": [],
            "instance_requirements": [],
            "instance_type": "",
            "kernel_id": "",
            "key_name": "",
            "latest_version": 1,
            "license_specification": [],
            "maintenance_options": [],
            "metadata_options": [],
            "monitoring": [],
            "name": "terraform-20240429081036778400000002",
            "name_prefix": "terraform-",
            "network_interfaces": [],
            "placement": [],
            "private_dns_name_options": [],
            "ram_disk_id": "",
            "security_group_names": null,
            "tag_specifications": [],
            "tags": null,
            "tags_all": {},
            "update_default_version": null,
            "user_data": "IyEvYmluL2Jhc2gNCmVjaG8gIkhlbGxvLCBXb3JsZCEiID4gaW5kZXguaHRtbA0Kbm9odXAgcHl0aG9uIC1tIFNpbXBsZUhUVFBTZXJ2ZXIgODAgJg0K",
            "vpc_security_group_ids": [
              "sg-024361da78f1c67d4"
            ]
          },
          "sensitive_attributes": [],
          "private": "bnVsbA==",
          "dependencies": [
            "data.aws_ami.ami",
            "module.sg.aws_security_group.this",
            "module.sg.aws_security_group.this_name_prefix"
          ]
        }
      ]
    },
    {
      "module": "module.sg",
      "mode": "managed",
      "type": "aws_security_group",
      "name": "this_name_prefix",
      "provider": "provider[\"registry.terraform.io/hashicorp/aws\"]",
      "instances": [
        {
          "index_key": 0,
          "schema_version": 1,
          "attributes": {
            "arn": "arn:aws:ec2:us-east-1:339712925683:security-group/sg-024361da78f1c67d4",
            "description": "Security group for user-service with custom ports",
            "egress": [],
            "id": "sg-024361da78f1c67d4",
            "ingress": [],
            "name": "user-service-20240429081033081900000001",
            "name_prefix": "user-service-",
            "owner_id": "339712925683",
            "revoke_rules_on_delete": false,
            "tags": {
              "Name": "JK"
            },
            "tags_all": {
              "Name": "JK"
            },
            "timeouts": {
              "create": "10m",
              "delete": "15m"
            },
            "vpc_id": "vpc-054c8d49f8cf2b65f"
          },
          "sensitive_attributes": [],
          "private": "eyJlMmJmYjczMC1lY2FhLTExZTYtOGY4OC0zNDM2M2JjN2M0YzAiOnsiY3JlYXRlIjo2MDAwMDAwMDAwMDAsImRlbGV0ZSI6OTAwMDAwMDAwMDAwfSwic2NoZW1hX3ZlcnNpb24iOiIxIn0=",
          "create_before_destroy": true
        }
      ]
    },
    {
      "module": "module.sg",
      "mode": "managed",
      "type": "aws_security_group_rule",
      "name": "ingress_rules",
      "provider": "provider[\"registry.terraform.io/hashicorp/aws\"]",
      "instances": [
        {
          "index_key": 0,
          "schema_version": 2,
          "attributes": {
            "cidr_blocks": [
              "0.0.0.0/0"
            ],
            "description": "HTTPS",
            "from_port": 443,
            "id": "sgrule-162456670",
            "ipv6_cidr_blocks": [],
            "prefix_list_ids": [],
            "protocol": "tcp",
            "security_group_id": "sg-024361da78f1c67d4",
            "security_group_rule_id": "sgr-090f4b80b60797061",
            "self": false,
            "source_security_group_id": null,
            "timeouts": null,
            "to_port": 443,
            "type": "ingress"
          },
          "sensitive_attributes": [],
          "private": "eyJlMmJmYjczMC1lY2FhLTExZTYtOGY4OC0zNDM2M2JjN2M0YzAiOnsiY3JlYXRlIjozMDAwMDAwMDAwMDB9LCJzY2hlbWFfdmVyc2lvbiI6IjIifQ==",
          "dependencies": [
            "module.sg.aws_security_group.this",
            "module.sg.aws_security_group.this_name_prefix"
          ]
        }
      ]
    },
    {
      "module": "module.sg",
      "mode": "managed",
      "type": "aws_security_group_rule",
      "name": "ingress_with_cidr_blocks",
      "provider": "provider[\"registry.terraform.io/hashicorp/aws\"]",
      "instances": [
        {
          "index_key": 0,
          "schema_version": 2,
          "attributes": {
            "cidr_blocks": [
              "0.0.0.0/0"
            ],
            "description": "User-service ports",
            "from_port": 80,
            "id": "sgrule-257746433",
            "ipv6_cidr_blocks": null,
            "prefix_list_ids": [],
            "protocol": "tcp",
            "security_group_id": "sg-024361da78f1c67d4",
            "security_group_rule_id": "sgr-06f3d9bcc57d3bad8",
            "self": false,
            "source_security_group_id": null,
            "timeouts": null,
            "to_port": 80,
            "type": "ingress"
          },
          "sensitive_attributes": [],
          "private": "eyJlMmJmYjczMC1lY2FhLTExZTYtOGY4OC0zNDM2M2JjN2M0YzAiOnsiY3JlYXRlIjozMDAwMDAwMDAwMDB9LCJzY2hlbWFfdmVyc2lvbiI6IjIifQ==",
          "dependencies": [
            "module.sg.aws_security_group.this",
            "module.sg.aws_security_group.this_name_prefix"
          ]
        }
      ]
    }
  ],
  "check_results": null
}
